
Microsoft Visual Studio Solution File, Format Version 12.00
# Visual Studio Version 16
VisualStudioVersion = 16.0.30523.141
MinimumVisualStudioVersion = 10.0.40219.1
Project("{9A19103F-16F7-4668-BE54-9A1E7A4F7556}") = "FoodDeliveryApplication", "FoodDeliveryApplication.csproj", "{3371F4C2-F298-4EBD-B789-17A315E64C7D}"
EndProject
Project("{FAE04EC0-301F-11D3-BF4B-00C04F79EFBC}") = "Data", "..\Data\Data.csproj", "{564B89CD-EDA3-4F49-80E1-75414CC3F8A0}"
EndProject
Global
	GlobalSection(SolutionConfigurationPlatforms) = preSolution
		Debug|Any CPU = Debug|Any CPU
		Release|Any CPU = Release|Any CPU
	EndGlobalSection
	GlobalSection(ProjectConfigurationPlatforms) = postSolution
		{3371F4C2-F298-4EBD-B789-17A315E64C7D}.Debug|Any CPU.ActiveCfg = Debug|Any CPU
		{3371F4C2-F298-4EBD-B789-17A315E64C7D}.Debug|Any CPU.Build.0 = Debug|Any CPU
		{3371F4C2-F298-4EBD-B789-17A315E64C7D}.Release|Any CPU.ActiveCfg = Release|Any CPU
		{3371F4C2-F298-4EBD-B789-17A315E64C7D}.Release|Any CPU.Build.0 = Release|Any CPU
		{564B89CD-EDA3-4F49-80E1-75414CC3F8A0}.Debug|Any CPU.ActiveCfg = Debug|Any CPU
		{564B89CD-EDA3-4F49-80E1-75414CC3F8A0}.Debug|Any CPU.Build.0 = Debug|Any CPU
		{564B89CD-EDA3-4F49-80E1-75414CC3F8A0}.Release|Any CPU.ActiveCfg = Release|Any CPU
		{564B89CD-EDA3-4F49-80E1-75414CC3F8A0}.Release|Any CPU.Build.0 = Release|Any CPU
	EndGlobalSection
	GlobalSection(SolutionProperties) = preSolution
		HideSolutionNode = FALSE
	EndGlobalSection
	GlobalSection(ExtensibilityGlobals) = postSolution
		SolutionGuid = {F824ECCD-CF27-4631-9D88-13BF900C351A}
	EndGlobalSection
EndGlobal
